// !$*UTF8*$!
{
	archiveVersion = 1;
	classes = {
	};
	objectVersion = 56;
	objects = {

/* Begin PBXBuildFile section */
		D104E7CF2AE142AD003CED7E /* PetFinderApp.swift in Sources */ = {isa = PBXBuildFile; fileRef = D104E7CE2AE142AD003CED7E /* PetFinderApp.swift */; };
		D104E7D12AE142AD003CED7E /* ContentView.swift in Sources */ = {isa = PBXBuildFile; fileRef = D104E7D02AE142AD003CED7E /* ContentView.swift */; };
		D104E7D32AE142AE003CED7E /* Assets.xcassets in Resources */ = {isa = PBXBuildFile; fileRef = D104E7D22AE142AE003CED7E /* Assets.xcassets */; };
		D104E7D72AE142AE003CED7E /* Preview Assets.xcassets in Resources */ = {isa = PBXBuildFile; fileRef = D104E7D62AE142AE003CED7E /* Preview Assets.xcassets */; };
		D13158E82AE46E58005D065B /* AppError.swift in Sources */ = {isa = PBXBuildFile; fileRef = D13158E72AE46E58005D065B /* AppError.swift */; };
		D13158EA2AE46E7D005D065B /* AuthResponse.swift in Sources */ = {isa = PBXBuildFile; fileRef = D13158E92AE46E7D005D065B /* AuthResponse.swift */; };
		D13158EC2AE483E8005D065B /* Animal+Mock.swift in Sources */ = {isa = PBXBuildFile; fileRef = D13158EB2AE483E8005D065B /* Animal+Mock.swift */; };
		D13158EF2AE48D59005D065B /* Secrets.xcconfig in Resources */ = {isa = PBXBuildFile; fileRef = D13158ED2AE48834005D065B /* Secrets.xcconfig */; };
		D14291B32AE149DE007AB809 /* PetAPI.swift in Sources */ = {isa = PBXBuildFile; fileRef = D14291B22AE149DE007AB809 /* PetAPI.swift */; };
		D16B12EA2AE1739100F7E62D /* AuthManager.swift in Sources */ = {isa = PBXBuildFile; fileRef = D16B12E92AE1739100F7E62D /* AuthManager.swift */; };
		D16B12EC2AE173AC00F7E62D /* KeychainManager.swift in Sources */ = {isa = PBXBuildFile; fileRef = D16B12EB2AE173AC00F7E62D /* KeychainManager.swift */; };
		D16B12F02AE1832000F7E62D /* AnimalResponse.swift in Sources */ = {isa = PBXBuildFile; fileRef = D16B12EF2AE1832000F7E62D /* AnimalResponse.swift */; };
		D173E8C72AE272FF001803E8 /* AuthManagerTests.swift in Sources */ = {isa = PBXBuildFile; fileRef = D173E8C62AE272FF001803E8 /* AuthManagerTests.swift */; };
		D178464A2AE29B37005E7C0D /* PetsApiTests.swift in Sources */ = {isa = PBXBuildFile; fileRef = D17846492AE29B37005E7C0D /* PetsApiTests.swift */; };
		D178464C2AE29BD3005E7C0D /* RxTest in Frameworks */ = {isa = PBXBuildFile; productRef = D178464B2AE29BD3005E7C0D /* RxTest */; };
		D17846522AE2BEDF005E7C0D /* URLProtocolStub.swift in Sources */ = {isa = PBXBuildFile; fileRef = D178464F2AE2B72B005E7C0D /* URLProtocolStub.swift */; };
		D17846542AE2C006005E7C0D /* MockAnimalResponse.json in Resources */ = {isa = PBXBuildFile; fileRef = D178464D2AE2B632005E7C0D /* MockAnimalResponse.json */; };
		D17846572AE2C30D005E7C0D /* MockAuthResponse.json in Resources */ = {isa = PBXBuildFile; fileRef = D17846552AE2C2E6005E7C0D /* MockAuthResponse.json */; };
		D19E7FFE2AE189BC00883FF2 /* RxCocoa in Frameworks */ = {isa = PBXBuildFile; productRef = D19E7FFD2AE189BC00883FF2 /* RxCocoa */; };
		D19E80042AE18B4600883FF2 /* RxSwift in Frameworks */ = {isa = PBXBuildFile; productRef = D19E80032AE18B4600883FF2 /* RxSwift */; };
/* End PBXBuildFile section */

/* Begin PBXContainerItemProxy section */
		D173E8C82AE272FF001803E8 /* PBXContainerItemProxy */ = {
			isa = PBXContainerItemProxy;
			containerPortal = D104E7C32AE142AD003CED7E /* Project object */;
			proxyType = 1;
			remoteGlobalIDString = D104E7CA2AE142AD003CED7E;
			remoteInfo = PetFinder;
		};
/* End PBXContainerItemProxy section */

/* Begin PBXFileReference section */
		D104E7CB2AE142AD003CED7E /* PetFinder.app */ = {isa = PBXFileReference; explicitFileType = wrapper.application; includeInIndex = 0; path = PetFinder.app; sourceTree = BUILT_PRODUCTS_DIR; };
		D104E7CE2AE142AD003CED7E /* PetFinderApp.swift */ = {isa = PBXFileReference; lastKnownFileType = sourcecode.swift; path = PetFinderApp.swift; sourceTree = "<group>"; };
		D104E7D02AE142AD003CED7E /* ContentView.swift */ = {isa = PBXFileReference; lastKnownFileType = sourcecode.swift; path = ContentView.swift; sourceTree = "<group>"; };
		D104E7D22AE142AE003CED7E /* Assets.xcassets */ = {isa = PBXFileReference; lastKnownFileType = folder.assetcatalog; path = Assets.xcassets; sourceTree = "<group>"; };
		D104E7D42AE142AE003CED7E /* PetFinder.entitlements */ = {isa = PBXFileReference; lastKnownFileType = text.plist.entitlements; path = PetFinder.entitlements; sourceTree = "<group>"; };
		D104E7D62AE142AE003CED7E /* Preview Assets.xcassets */ = {isa = PBXFileReference; lastKnownFileType = folder.assetcatalog; path = "Preview Assets.xcassets"; sourceTree = "<group>"; };
		D13158E72AE46E58005D065B /* AppError.swift */ = {isa = PBXFileReference; lastKnownFileType = sourcecode.swift; path = AppError.swift; sourceTree = "<group>"; };
		D13158E92AE46E7D005D065B /* AuthResponse.swift */ = {isa = PBXFileReference; lastKnownFileType = sourcecode.swift; path = AuthResponse.swift; sourceTree = "<group>"; };
		D13158EB2AE483E8005D065B /* Animal+Mock.swift */ = {isa = PBXFileReference; lastKnownFileType = sourcecode.swift; path = "Animal+Mock.swift"; sourceTree = "<group>"; };
		D13158ED2AE48834005D065B /* Secrets.xcconfig */ = {isa = PBXFileReference; lastKnownFileType = text.xcconfig; path = Secrets.xcconfig; sourceTree = "<group>"; };
		D13158EE2AE48C44005D065B /* Info.plist */ = {isa = PBXFileReference; lastKnownFileType = text.plist; path = Info.plist; sourceTree = "<group>"; };
		D14291B22AE149DE007AB809 /* PetAPI.swift */ = {isa = PBXFileReference; lastKnownFileType = sourcecode.swift; path = PetAPI.swift; sourceTree = "<group>"; };
		D16B12E92AE1739100F7E62D /* AuthManager.swift */ = {isa = PBXFileReference; lastKnownFileType = sourcecode.swift; path = AuthManager.swift; sourceTree = "<group>"; };
		D16B12EB2AE173AC00F7E62D /* KeychainManager.swift */ = {isa = PBXFileReference; lastKnownFileType = sourcecode.swift; path = KeychainManager.swift; sourceTree = "<group>"; };
		D16B12EF2AE1832000F7E62D /* AnimalResponse.swift */ = {isa = PBXFileReference; lastKnownFileType = sourcecode.swift; path = AnimalResponse.swift; sourceTree = "<group>"; };
		D173E8C42AE272FF001803E8 /* PetFinderTests.xctest */ = {isa = PBXFileReference; explicitFileType = wrapper.cfbundle; includeInIndex = 0; path = PetFinderTests.xctest; sourceTree = BUILT_PRODUCTS_DIR; };
		D173E8C62AE272FF001803E8 /* AuthManagerTests.swift */ = {isa = PBXFileReference; lastKnownFileType = sourcecode.swift; path = AuthManagerTests.swift; sourceTree = "<group>"; };
		D17846492AE29B37005E7C0D /* PetsApiTests.swift */ = {isa = PBXFileReference; lastKnownFileType = sourcecode.swift; path = PetsApiTests.swift; sourceTree = "<group>"; };
		D178464D2AE2B632005E7C0D /* MockAnimalResponse.json */ = {isa = PBXFileReference; lastKnownFileType = text.json; path = MockAnimalResponse.json; sourceTree = "<group>"; };
		D178464F2AE2B72B005E7C0D /* URLProtocolStub.swift */ = {isa = PBXFileReference; lastKnownFileType = sourcecode.swift; path = URLProtocolStub.swift; sourceTree = "<group>"; };
		D17846552AE2C2E6005E7C0D /* MockAuthResponse.json */ = {isa = PBXFileReference; lastKnownFileType = text.json; path = MockAuthResponse.json; sourceTree = "<group>"; };
/* End PBXFileReference section */

/* Begin PBXFrameworksBuildPhase section */
		D173E8C12AE272FF001803E8 /* Frameworks */ = {
			isa = PBXFrameworksBuildPhase;
			buildActionMask = 2147483647;
			files = (
				D178464C2AE29BD3005E7C0D /* RxTest in Frameworks */,
			);
			runOnlyForDeploymentPostprocessing = 0;
		};
		D19E7FF42AE1899400883FF2 /* Frameworks */ = {
			isa = PBXFrameworksBuildPhase;
			buildActionMask = 2147483647;
			files = (
				D19E80042AE18B4600883FF2 /* RxSwift in Frameworks */,
				D19E7FFE2AE189BC00883FF2 /* RxCocoa in Frameworks */,
			);
			runOnlyForDeploymentPostprocessing = 0;
		};
/* End PBXFrameworksBuildPhase section */

/* Begin PBXGroup section */
		D104E7C22AE142AD003CED7E = {
			isa = PBXGroup;
			children = (
				D104E7CD2AE142AD003CED7E /* PetFinder */,
				D173E8C52AE272FF001803E8 /* PetFinderTests */,
				D104E7CC2AE142AD003CED7E /* Products */,
				D14291AD2AE14710007AB809 /* Frameworks */,
			);
			sourceTree = "<group>";
		};
		D104E7CC2AE142AD003CED7E /* Products */ = {
			isa = PBXGroup;
			children = (
				D104E7CB2AE142AD003CED7E /* PetFinder.app */,
				D173E8C42AE272FF001803E8 /* PetFinderTests.xctest */,
			);
			name = Products;
			sourceTree = "<group>";
		};
		D104E7CD2AE142AD003CED7E /* PetFinder */ = {
			isa = PBXGroup;
			children = (
				D13158EE2AE48C44005D065B /* Info.plist */,
				D104E7CE2AE142AD003CED7E /* PetFinderApp.swift */,
				D104E7D02AE142AD003CED7E /* ContentView.swift */,
				D14291B22AE149DE007AB809 /* PetAPI.swift */,
				D13158E72AE46E58005D065B /* AppError.swift */,
				D16B12EF2AE1832000F7E62D /* AnimalResponse.swift */,
				D13158E92AE46E7D005D065B /* AuthResponse.swift */,
				D16B12E92AE1739100F7E62D /* AuthManager.swift */,
				D16B12EB2AE173AC00F7E62D /* KeychainManager.swift */,
				D1A52C0A2AE30A3700150B2B /* Mocking */,
				D13158ED2AE48834005D065B /* Secrets.xcconfig */,
				D104E7D22AE142AE003CED7E /* Assets.xcassets */,
				D104E7D42AE142AE003CED7E /* PetFinder.entitlements */,
				D104E7D52AE142AE003CED7E /* Preview Content */,
			);
			path = PetFinder;
			sourceTree = "<group>";
		};
		D104E7D52AE142AE003CED7E /* Preview Content */ = {
			isa = PBXGroup;
			children = (
				D104E7D62AE142AE003CED7E /* Preview Assets.xcassets */,
			);
			path = "Preview Content";
			sourceTree = "<group>";
		};
		D14291AD2AE14710007AB809 /* Frameworks */ = {
			isa = PBXGroup;
			children = (
			);
			name = Frameworks;
			sourceTree = "<group>";
		};
		D173E8C52AE272FF001803E8 /* PetFinderTests */ = {
			isa = PBXGroup;
			children = (
				D173E8C62AE272FF001803E8 /* AuthManagerTests.swift */,
				D17846492AE29B37005E7C0D /* PetsApiTests.swift */,
			);
			path = PetFinderTests;
			sourceTree = "<group>";
		};
		D1A52C0A2AE30A3700150B2B /* Mocking */ = {
			isa = PBXGroup;
			children = (
				D178464F2AE2B72B005E7C0D /* URLProtocolStub.swift */,
				D17846552AE2C2E6005E7C0D /* MockAuthResponse.json */,
				D178464D2AE2B632005E7C0D /* MockAnimalResponse.json */,
				D13158EB2AE483E8005D065B /* Animal+Mock.swift */,
			);
			path = Mocking;
			sourceTree = "<group>";
		};
/* End PBXGroup section */

/* Begin PBXNativeTarget section */
		D104E7CA2AE142AD003CED7E /* PetFinder */ = {
			isa = PBXNativeTarget;
			buildConfigurationList = D104E7DA2AE142AE003CED7E /* Build configuration list for PBXNativeTarget "PetFinder" */;
			buildPhases = (
				D104E7C72AE142AD003CED7E /* Sources */,
				D104E7C92AE142AD003CED7E /* Resources */,
				D19E7FF42AE1899400883FF2 /* Frameworks */,
			);
			buildRules = (
			);
			dependencies = (
			);
			name = PetFinder;
			packageProductDependencies = (
				D19E7FFD2AE189BC00883FF2 /* RxCocoa */,
				D19E80032AE18B4600883FF2 /* RxSwift */,
			);
			productName = PetFinder;
			productReference = D104E7CB2AE142AD003CED7E /* PetFinder.app */;
			productType = "com.apple.product-type.application";
		};
		D173E8C32AE272FF001803E8 /* PetFinderTests */ = {
			isa = PBXNativeTarget;
			buildConfigurationList = D173E8CC2AE272FF001803E8 /* Build configuration list for PBXNativeTarget "PetFinderTests" */;
			buildPhases = (
				D173E8C02AE272FF001803E8 /* Sources */,
				D173E8C12AE272FF001803E8 /* Frameworks */,
				D173E8C22AE272FF001803E8 /* Resources */,
			);
			buildRules = (
			);
			dependencies = (
				D173E8C92AE272FF001803E8 /* PBXTargetDependency */,
			);
			name = PetFinderTests;
			packageProductDependencies = (
				D178464B2AE29BD3005E7C0D /* RxTest */,
			);
			productName = PetFinderTests;
			productReference = D173E8C42AE272FF001803E8 /* PetFinderTests.xctest */;
			productType = "com.apple.product-type.bundle.unit-test";
		};
/* End PBXNativeTarget section */

/* Begin PBXProject section */
		D104E7C32AE142AD003CED7E /* Project object */ = {
			isa = PBXProject;
			attributes = {
				BuildIndependentTargetsInParallel = 1;
				LastSwiftUpdateCheck = 1500;
				LastUpgradeCheck = 1500;
				TargetAttributes = {
					D104E7CA2AE142AD003CED7E = {
						CreatedOnToolsVersion = 15.0;
					};
					D173E8C32AE272FF001803E8 = {
						CreatedOnToolsVersion = 15.0;
						TestTargetID = D104E7CA2AE142AD003CED7E;
					};
				};
			};
			buildConfigurationList = D104E7C62AE142AD003CED7E /* Build configuration list for PBXProject "PetFinder" */;
			compatibilityVersion = "Xcode 14.0";
			developmentRegion = en;
			hasScannedForEncodings = 0;
			knownRegions = (
				en,
				Base,
			);
			mainGroup = D104E7C22AE142AD003CED7E;
			packageReferences = (
				D19E7FF82AE189BC00883FF2 /* XCRemoteSwiftPackageReference "RxSwift" */,
			);
			productRefGroup = D104E7CC2AE142AD003CED7E /* Products */;
			projectDirPath = "";
			projectRoot = "";
			targets = (
				D104E7CA2AE142AD003CED7E /* PetFinder */,
				D173E8C32AE272FF001803E8 /* PetFinderTests */,
			);
		};
/* End PBXProject section */

/* Begin PBXResourcesBuildPhase section */
		D104E7C92AE142AD003CED7E /* Resources */ = {
			isa = PBXResourcesBuildPhase;
			buildActionMask = 2147483647;
			files = (
				D17846572AE2C30D005E7C0D /* MockAuthResponse.json in Resources */,
				D13158EF2AE48D59005D065B /* Secrets.xcconfig in Resources */,
				D17846542AE2C006005E7C0D /* MockAnimalResponse.json in Resources */,
				D104E7D72AE142AE003CED7E /* Preview Assets.xcassets in Resources */,
				D104E7D32AE142AE003CED7E /* Assets.xcassets in Resources */,
			);
			runOnlyForDeploymentPostprocessing = 0;
		};
		D173E8C22AE272FF001803E8 /* Resources */ = {
			isa = PBXResourcesBuildPhase;
			buildActionMask = 2147483647;
			files = (
			);
			runOnlyForDeploymentPostprocessing = 0;
		};
/* End PBXResourcesBuildPhase section */

/* Begin PBXSourcesBuildPhase section */
		D104E7C72AE142AD003CED7E /* Sources */ = {
			isa = PBXSourcesBuildPhase;
			buildActionMask = 2147483647;
			files = (
				D104E7D12AE142AD003CED7E /* ContentView.swift in Sources */,
				D13158EA2AE46E7D005D065B /* AuthResponse.swift in Sources */,
				D17846522AE2BEDF005E7C0D /* URLProtocolStub.swift in Sources */,
				D16B12EA2AE1739100F7E62D /* AuthManager.swift in Sources */,
				D14291B32AE149DE007AB809 /* PetAPI.swift in Sources */,
				D104E7CF2AE142AD003CED7E /* PetFinderApp.swift in Sources */,
				D13158E82AE46E58005D065B /* AppError.swift in Sources */,
				D13158EC2AE483E8005D065B /* Animal+Mock.swift in Sources */,
				D16B12EC2AE173AC00F7E62D /* KeychainManager.swift in Sources */,
				D16B12F02AE1832000F7E62D /* AnimalResponse.swift in Sources */,
			);
			runOnlyForDeploymentPostprocessing = 0;
		};
		D173E8C02AE272FF001803E8 /* Sources */ = {
			isa = PBXSourcesBuildPhase;
			buildActionMask = 2147483647;
			files = (
				D178464A2AE29B37005E7C0D /* PetsApiTests.swift in Sources */,
				D173E8C72AE272FF001803E8 /* AuthManagerTests.swift in Sources */,
			);
			runOnlyForDeploymentPostprocessing = 0;
		};
/* End PBXSourcesBuildPhase section */

/* Begin PBXTargetDependency section */
		D173E8C92AE272FF001803E8 /* PBXTargetDependency */ = {
			isa = PBXTargetDependency;
			target = D104E7CA2AE142AD003CED7E /* PetFinder */;
			targetProxy = D173E8C82AE272FF001803E8 /* PBXContainerItemProxy */;
		};
/* End PBXTargetDependency section */

/* Begin XCBuildConfiguration section */
		D104E7D82AE142AE003CED7E /* Debug */ = {
			isa = XCBuildConfiguration;
			buildSettings = {
				ALWAYS_SEARCH_USER_PATHS = NO;
				ASSETCATALOG_COMPILER_GENERATE_SWIFT_ASSET_SYMBOL_EXTENSIONS = YES;
				CLANG_ANALYZER_NONNULL = YES;
				CLANG_ANALYZER_NUMBER_OBJECT_CONVERSION = YES_AGGRESSIVE;
				CLANG_CXX_LANGUAGE_STANDARD = "gnu++20";
				CLANG_ENABLE_MODULES = YES;
				CLANG_ENABLE_OBJC_ARC = YES;
				CLANG_ENABLE_OBJC_WEAK = YES;
				CLANG_WARN_BLOCK_CAPTURE_AUTORELEASING = YES;
				CLANG_WARN_BOOL_CONVERSION = YES;
				CLANG_WARN_COMMA = YES;
				CLANG_WARN_CONSTANT_CONVERSION = YES;
				CLANG_WARN_DEPRECATED_OBJC_IMPLEMENTATIONS = YES;
				CLANG_WARN_DIRECT_OBJC_ISA_USAGE = YES_ERROR;
				CLANG_WARN_DOCUMENTATION_COMMENTS = YES;
				CLANG_WARN_EMPTY_BODY = YES;
				CLANG_WARN_ENUM_CONVERSION = YES;
				CLANG_WARN_INFINITE_RECURSION = YES;
				CLANG_WARN_INT_CONVERSION = YES;
				CLANG_WARN_NON_LITERAL_NULL_CONVERSION = YES;
				CLANG_WARN_OBJC_IMPLICIT_RETAIN_SELF = YES;
				CLANG_WARN_OBJC_LITERAL_CONVERSION = YES;
				CLANG_WARN_OBJC_ROOT_CLASS = YES_ERROR;
				CLANG_WARN_QUOTED_INCLUDE_IN_FRAMEWORK_HEADER = YES;
				CLANG_WARN_RANGE_LOOP_ANALYSIS = YES;
				CLANG_WARN_STRICT_PROTOTYPES = YES;
				CLANG_WARN_SUSPICIOUS_MOVE = YES;
				CLANG_WARN_UNGUARDED_AVAILABILITY = YES_AGGRESSIVE;
				CLANG_WARN_UNREACHABLE_CODE = YES;
				CLANG_WARN__DUPLICATE_METHOD_MATCH = YES;
				COPY_PHASE_STRIP = NO;
				DEBUG_INFORMATION_FORMAT = dwarf;
				ENABLE_STRICT_OBJC_MSGSEND = YES;
				ENABLE_TESTABILITY = YES;
				ENABLE_USER_SCRIPT_SANDBOXING = YES;
				GCC_C_LANGUAGE_STANDARD = gnu17;
				GCC_DYNAMIC_NO_PIC = NO;
				GCC_NO_COMMON_BLOCKS = YES;
				GCC_OPTIMIZATION_LEVEL = 0;
				GCC_PREPROCESSOR_DEFINITIONS = (
					"DEBUG=1",
					"$(inherited)",
				);
				GCC_WARN_64_TO_32_BIT_CONVERSION = YES;
				GCC_WARN_ABOUT_RETURN_TYPE = YES_ERROR;
				GCC_WARN_UNDECLARED_SELECTOR = YES;
				GCC_WARN_UNINITIALIZED_AUTOS = YES_AGGRESSIVE;
				GCC_WARN_UNUSED_FUNCTION = YES;
				GCC_WARN_UNUSED_VARIABLE = YES;
				INFOPLIST_PREPROCESS = NO;
				LOCALIZATION_PREFERS_STRING_CATALOGS = YES;
				MTL_ENABLE_DEBUG_INFO = INCLUDE_SOURCE;
				MTL_FAST_MATH = YES;
				NEW_SETTING = "";
				ONLY_ACTIVE_ARCH = YES;
				SWIFT_ACTIVE_COMPILATION_CONDITIONS = "DEBUG $(inherited)";
				SWIFT_OPTIMIZATION_LEVEL = "-Onone";
			};
			name = Debug;
		};
		D104E7D92AE142AE003CED7E /* Release */ = {
			isa = XCBuildConfiguration;
			buildSettings = {
				ALWAYS_SEARCH_USER_PATHS = NO;
				ASSETCATALOG_COMPILER_GENERATE_SWIFT_ASSET_SYMBOL_EXTENSIONS = YES;
				CLANG_ANALYZER_NONNULL = YES;
				CLANG_ANALYZER_NUMBER_OBJECT_CONVERSION = YES_AGGRESSIVE;
				CLANG_CXX_LANGUAGE_STANDARD = "gnu++20";
				CLANG_ENABLE_MODULES = YES;
				CLANG_ENABLE_OBJC_ARC = YES;
				CLANG_ENABLE_OBJC_WEAK = YES;
				CLANG_WARN_BLOCK_CAPTURE_AUTORELEASING = YES;
				CLANG_WARN_BOOL_CONVERSION = YES;
				CLANG_WARN_COMMA = YES;
				CLANG_WARN_CONSTANT_CONVERSION = YES;
				CLANG_WARN_DEPRECATED_OBJC_IMPLEMENTATIONS = YES;
				CLANG_WARN_DIRECT_OBJC_ISA_USAGE = YES_ERROR;
				CLANG_WARN_DOCUMENTATION_COMMENTS = YES;
				CLANG_WARN_EMPTY_BODY = YES;
				CLANG_WARN_ENUM_CONVERSION = YES;
				CLANG_WARN_INFINITE_RECURSION = YES;
				CLANG_WARN_INT_CONVERSION = YES;
				CLANG_WARN_NON_LITERAL_NULL_CONVERSION = YES;
				CLANG_WARN_OBJC_IMPLICIT_RETAIN_SELF = YES;
				CLANG_WARN_OBJC_LITERAL_CONVERSION = YES;
				CLANG_WARN_OBJC_ROOT_CLASS = YES_ERROR;
				CLANG_WARN_QUOTED_INCLUDE_IN_FRAMEWORK_HEADER = YES;
				CLANG_WARN_RANGE_LOOP_ANALYSIS = YES;
				CLANG_WARN_STRICT_PROTOTYPES = YES;
				CLANG_WARN_SUSPICIOUS_MOVE = YES;
				CLANG_WARN_UNGUARDED_AVAILABILITY = YES_AGGRESSIVE;
				CLANG_WARN_UNREACHABLE_CODE = YES;
				CLANG_WARN__DUPLICATE_METHOD_MATCH = YES;
				COPY_PHASE_STRIP = NO;
				DEBUG_INFORMATION_FORMAT = "dwarf-with-dsym";
				ENABLE_NS_ASSERTIONS = NO;
				ENABLE_STRICT_OBJC_MSGSEND = YES;
				ENABLE_USER_SCRIPT_SANDBOXING = YES;
				GCC_C_LANGUAGE_STANDARD = gnu17;
				GCC_NO_COMMON_BLOCKS = YES;
				GCC_WARN_64_TO_32_BIT_CONVERSION = YES;
				GCC_WARN_ABOUT_RETURN_TYPE = YES_ERROR;
				GCC_WARN_UNDECLARED_SELECTOR = YES;
				GCC_WARN_UNINITIALIZED_AUTOS = YES_AGGRESSIVE;
				GCC_WARN_UNUSED_FUNCTION = YES;
				GCC_WARN_UNUSED_VARIABLE = YES;
				INFOPLIST_PREPROCESS = NO;
				LOCALIZATION_PREFERS_STRING_CATALOGS = YES;
				MTL_ENABLE_DEBUG_INFO = NO;
				MTL_FAST_MATH = YES;
				NEW_SETTING = "";
				SWIFT_COMPILATION_MODE = wholemodule;
			};
			name = Release;
		};
		D104E7DB2AE142AE003CED7E /* Debug */ = {
			isa = XCBuildConfiguration;
			baseConfigurationReference = D13158ED2AE48834005D065B /* Secrets.xcconfig */;
			buildSettings = {
				ASSETCATALOG_COMPILER_APPICON_NAME = AppIcon;
				ASSETCATALOG_COMPILER_GLOBAL_ACCENT_COLOR_NAME = AccentColor;
				CODE_SIGN_ENTITLEMENTS = PetFinder/PetFinder.entitlements;
				CODE_SIGN_STYLE = Automatic;
				CURRENT_PROJECT_VERSION = 1;
				DEVELOPMENT_ASSET_PATHS = "\"PetFinder/Preview Content\"";
				DEVELOPMENT_TEAM = W2X2D3BDQX;
				ENABLE_HARDENED_RUNTIME = YES;
				ENABLE_PREVIEWS = YES;
				GENERATE_INFOPLIST_FILE = YES;
				INFOPLIST_FILE = PetFinder/Info.plist;
				"INFOPLIST_KEY_UIApplicationSceneManifest_Generation[sdk=iphoneos*]" = YES;
				"INFOPLIST_KEY_UIApplicationSceneManifest_Generation[sdk=iphonesimulator*]" = YES;
				"INFOPLIST_KEY_UIApplicationSupportsIndirectInputEvents[sdk=iphoneos*]" = YES;
				"INFOPLIST_KEY_UIApplicationSupportsIndirectInputEvents[sdk=iphonesimulator*]" = YES;
				"INFOPLIST_KEY_UILaunchScreen_Generation[sdk=iphoneos*]" = YES;
				"INFOPLIST_KEY_UILaunchScreen_Generation[sdk=iphonesimulator*]" = YES;
				"INFOPLIST_KEY_UIStatusBarStyle[sdk=iphoneos*]" = UIStatusBarStyleDefault;
				"INFOPLIST_KEY_UIStatusBarStyle[sdk=iphonesimulator*]" = UIStatusBarStyleDefault;
				INFOPLIST_KEY_UISupportedInterfaceOrientations = UIInterfaceOrientationPortrait;
				INFOPLIST_KEY_UISupportedInterfaceOrientations_iPad = "UIInterfaceOrientationLandscapeLeft UIInterfaceOrientationLandscapeRight UIInterfaceOrientationPortrait UIInterfaceOrientationPortraitUpsideDown";
				IPHONEOS_DEPLOYMENT_TARGET = 15.6;
				LD_RUNPATH_SEARCH_PATHS = "@executable_path/Frameworks";
				"LD_RUNPATH_SEARCH_PATHS[sdk=macosx*]" = "@executable_path/../Frameworks";
				MACOSX_DEPLOYMENT_TARGET = 14.0;
				MARKETING_VERSION = 1.0;
				PRODUCT_BUNDLE_IDENTIFIER = iustin.bulimar.PetFinder;
				PRODUCT_NAME = "$(TARGET_NAME)";
				SDKROOT = auto;
				SUPPORTED_PLATFORMS = "iphoneos iphonesimulator";
				SUPPORTS_MACCATALYST = NO;
				SWIFT_EMIT_LOC_STRINGS = YES;
				SWIFT_VERSION = 5.0;
				TARGETED_DEVICE_FAMILY = 1;
			};
			name = Debug;
		};
		D104E7DC2AE142AE003CED7E /* Release */ = {
			isa = XCBuildConfiguration;
			buildSettings = {
				ASSETCATALOG_COMPILER_APPICON_NAME = AppIcon;
				ASSETCATALOG_COMPILER_GLOBAL_ACCENT_COLOR_NAME = AccentColor;
				CODE_SIGN_ENTITLEMENTS = PetFinder/PetFinder.entitlements;
				CODE_SIGN_STYLE = Automatic;
				CURRENT_PROJECT_VERSION = 1;
				DEVELOPMENT_ASSET_PATHS = "\"PetFinder/Preview Content\"";
				DEVELOPMENT_TEAM = W2X2D3BDQX;
				ENABLE_HARDENED_RUNTIME = YES;
				ENABLE_PREVIEWS = YES;
				GENERATE_INFOPLIST_FILE = YES;
				INFOPLIST_FILE = PetFinder/Info.plist;
				"INFOPLIST_KEY_UIApplicationSceneManifest_Generation[sdk=iphoneos*]" = YES;
				"INFOPLIST_KEY_UIApplicationSceneManifest_Generation[sdk=iphonesimulator*]" = YES;
				"INFOPLIST_KEY_UIApplicationSupportsIndirectInputEvents[sdk=iphoneos*]" = YES;
				"INFOPLIST_KEY_UIApplicationSupportsIndirectInputEvents[sdk=iphonesimulator*]" = YES;
				"INFOPLIST_KEY_UILaunchScreen_Generation[sdk=iphoneos*]" = YES;
				"INFOPLIST_KEY_UILaunchScreen_Generation[sdk=iphonesimulator*]" = YES;
				"INFOPLIST_KEY_UIStatusBarStyle[sdk=iphoneos*]" = UIStatusBarStyleDefault;
				"INFOPLIST_KEY_UIStatusBarStyle[sdk=iphonesimulator*]" = UIStatusBarStyleDefault;
				INFOPLIST_KEY_UISupportedInterfaceOrientations = UIInterfaceOrientationPortrait;
				INFOPLIST_KEY_UISupportedInterfaceOrientations_iPad = "UIInterfaceOrientationLandscapeLeft UIInterfaceOrientationLandscapeRight UIInterfaceOrientationPortrait UIInterfaceOrientationPortraitUpsideDown";
				IPHONEOS_DEPLOYMENT_TARGET = 15.6;
				LD_RUNPATH_SEARCH_PATHS = "@executable_path/Frameworks";
				"LD_RUNPATH_SEARCH_PATHS[sdk=macosx*]" = "@executable_path/../Frameworks";
				MACOSX_DEPLOYMENT_TARGET = 14.0;
				MARKETING_VERSION = 1.0;
				PRODUCT_BUNDLE_IDENTIFIER = iustin.bulimar.PetFinder;
				PRODUCT_NAME = "$(TARGET_NAME)";
				SDKROOT = auto;
				SUPPORTED_PLATFORMS = "iphoneos iphonesimulator";
				SUPPORTS_MACCATALYST = NO;
				SWIFT_EMIT_LOC_STRINGS = YES;
				SWIFT_VERSION = 5.0;
				TARGETED_DEVICE_FAMILY = 1;
			};
			name = Release;
		};
		D173E8CA2AE272FF001803E8 /* Debug */ = {
			isa = XCBuildConfiguration;
			buildSettings = {
				BUNDLE_LOADER = "$(TEST_HOST)";
				CODE_SIGN_STYLE = Automatic;
				CURRENT_PROJECT_VERSION = 1;
				DEVELOPMENT_TEAM = W2X2D3BDQX;
				GENERATE_INFOPLIST_FILE = YES;
				IPHONEOS_DEPLOYMENT_TARGET = 15.6;
				MACOSX_DEPLOYMENT_TARGET = 14.0;
				MARKETING_VERSION = 1.0;
				PRODUCT_BUNDLE_IDENTIFIER = iustin.bulimar.PetFinderTests;
				PRODUCT_NAME = "$(TARGET_NAME)";
				SDKROOT = auto;
				SUPPORTED_PLATFORMS = "iphoneos iphonesimulator";
				SUPPORTS_MACCATALYST = NO;
				SWIFT_EMIT_LOC_STRINGS = NO;
				SWIFT_VERSION = 5.0;
				TARGETED_DEVICE_FAMILY = 1;
				TEST_HOST = "$(BUILT_PRODUCTS_DIR)/PetFinder.app/$(BUNDLE_EXECUTABLE_FOLDER_PATH)/PetFinder";
			};
			name = Debug;
		};
		D173E8CB2AE272FF001803E8 /* Release */ = {
			isa = XCBuildConfiguration;
			buildSettings = {
				BUNDLE_LOADER = "$(TEST_HOST)";
				CODE_SIGN_STYLE = Automatic;
				CURRENT_PROJECT_VERSION = 1;
				DEVELOPMENT_TEAM = W2X2D3BDQX;
				GENERATE_INFOPLIST_FILE = YES;
				IPHONEOS_DEPLOYMENT_TARGET = 15.6;
				MACOSX_DEPLOYMENT_TARGET = 14.0;
				MARKETING_VERSION = 1.0;
				PRODUCT_BUNDLE_IDENTIFIER = iustin.bulimar.PetFinderTests;
				PRODUCT_NAME = "$(TARGET_NAME)";
				SDKROOT = auto;
				SUPPORTED_PLATFORMS = "iphoneos iphonesimulator";
				SUPPORTS_MACCATALYST = NO;
				SWIFT_EMIT_LOC_STRINGS = NO;
				SWIFT_VERSION = 5.0;
				TARGETED_DEVICE_FAMILY = 1;
				TEST_HOST = "$(BUILT_PRODUCTS_DIR)/PetFinder.app/$(BUNDLE_EXECUTABLE_FOLDER_PATH)/PetFinder";
			};
			name = Release;
		};
/* End XCBuildConfiguration section */

/* Begin XCConfigurationList section */
		D104E7C62AE142AD003CED7E /* Build configuration list for PBXProject "PetFinder" */ = {
			isa = XCConfigurationList;
			buildConfigurations = (
				D104E7D82AE142AE003CED7E /* Debug */,
				D104E7D92AE142AE003CED7E /* Release */,
			);
			defaultConfigurationIsVisible = 0;
			defaultConfigurationName = Release;
		};
		D104E7DA2AE142AE003CED7E /* Build configuration list for PBXNativeTarget "PetFinder" */ = {
			isa = XCConfigurationList;
			buildConfigurations = (
				D104E7DB2AE142AE003CED7E /* Debug */,
				D104E7DC2AE142AE003CED7E /* Release */,
			);
			defaultConfigurationIsVisible = 0;
			defaultConfigurationName = Release;
		};
		D173E8CC2AE272FF001803E8 /* Build configuration list for PBXNativeTarget "PetFinderTests" */ = {
			isa = XCConfigurationList;
			buildConfigurations = (
				D173E8CA2AE272FF001803E8 /* Debug */,
				D173E8CB2AE272FF001803E8 /* Release */,
			);
			defaultConfigurationIsVisible = 0;
			defaultConfigurationName = Release;
		};
/* End XCConfigurationList section */

/* Begin XCRemoteSwiftPackageReference section */
		D19E7FF82AE189BC00883FF2 /* XCRemoteSwiftPackageReference "RxSwift" */ = {
			isa = XCRemoteSwiftPackageReference;
			repositoryURL = "https://github.com/ReactiveX/RxSwift.git";
			requirement = {
				kind = upToNextMajorVersion;
				minimumVersion = 6.6.0;
			};
		};
/* End XCRemoteSwiftPackageReference section */

/* Begin XCSwiftPackageProductDependency section */
		D178464B2AE29BD3005E7C0D /* RxTest */ = {
			isa = XCSwiftPackageProductDependency;
			package = D19E7FF82AE189BC00883FF2 /* XCRemoteSwiftPackageReference "RxSwift" */;
			productName = RxTest;
		};
		D19E7FFD2AE189BC00883FF2 /* RxCocoa */ = {
			isa = XCSwiftPackageProductDependency;
			package = D19E7FF82AE189BC00883FF2 /* XCRemoteSwiftPackageReference "RxSwift" */;
			productName = RxCocoa;
		};
		D19E80032AE18B4600883FF2 /* RxSwift */ = {
			isa = XCSwiftPackageProductDependency;
			package = D19E7FF82AE189BC00883FF2 /* XCRemoteSwiftPackageReference "RxSwift" */;
			productName = RxSwift;
		};
/* End XCSwiftPackageProductDependency section */
	};
	rootObject = D104E7C32AE142AD003CED7E /* Project object */;
}
